<Solution>
  <Folder Name="/Solution Items/">
    <File Path="Directory.Build.props" />
    <File Path="LICENSE" />
    <File Path="README.md" />
  </Folder>
  <Project Path="MailForge.Abstractions/MailForge.Abstractions.csproj" />
  <Project Path="MailForge.Core/MailForge.Core.csproj" />
  <Project Path="MailForge.Smtp/MailForge.Smtp.csproj" />
  <Project Path="MailForge.Resend/MailForge.Resend.csproj" />
  <Project Path="MailForge.AmazonSES/MailForge.AmazonSES.csproj" />
  <Project Path="MailForge.Tests/MailForge.Tests.csproj" />
  <Project Path="MailForge.Console/MailForge.Console.csproj" />
</Solution>
